
Microsoft Visual Studio Solution File, Format Version 12.00
# Visual Studio Version 16
VisualStudioVersion = 16.0.30114.105
MinimumVisualStudioVersion = 10.0.40219.1
Project("{9A19103F-16F7-4668-BE54-9A1E7A4F7556}") = "CareerCloud.Pocos", "CareerCloud.Pocos\CareerCloud.Pocos.csproj", "{31CC0DA9-DAE5-43DB-8F48-ECFAE01539DB}"
EndProject
Project("{9A19103F-16F7-4668-BE54-9A1E7A4F7556}") = "CareerCloudCore.UnitTests.Assignment1", "CareerCloudCore.UnitTests.Assignment1\CareerCloudCore.UnitTests.Assignment1.csproj", "{98BB66BF-AA5B-4378-97F5-FE03514A5D60}"
EndProject
Global
	GlobalSection(SolutionConfigurationPlatforms) = preSolution
		Debug|Any CPU = Debug|Any CPU
		Release|Any CPU = Release|Any CPU
	EndGlobalSection
	GlobalSection(ProjectConfigurationPlatforms) = postSolution
		{31CC0DA9-DAE5-43DB-8F48-ECFAE01539DB}.Debug|Any CPU.ActiveCfg = Debug|Any CPU
		{31CC0DA9-DAE5-43DB-8F48-ECFAE01539DB}.Debug|Any CPU.Build.0 = Debug|Any CPU
		{31CC0DA9-DAE5-43DB-8F48-ECFAE01539DB}.Release|Any CPU.ActiveCfg = Release|Any CPU
		{31CC0DA9-DAE5-43DB-8F48-ECFAE01539DB}.Release|Any CPU.Build.0 = Release|Any CPU
		{98BB66BF-AA5B-4378-97F5-FE03514A5D60}.Debug|Any CPU.ActiveCfg = Debug|Any CPU
		{98BB66BF-AA5B-4378-97F5-FE03514A5D60}.Debug|Any CPU.Build.0 = Debug|Any CPU
		{98BB66BF-AA5B-4378-97F5-FE03514A5D60}.Release|Any CPU.ActiveCfg = Release|Any CPU
		{98BB66BF-AA5B-4378-97F5-FE03514A5D60}.Release|Any CPU.Build.0 = Release|Any CPU
	EndGlobalSection
	GlobalSection(SolutionProperties) = preSolution
		HideSolutionNode = FALSE
	EndGlobalSection
	GlobalSection(ExtensibilityGlobals) = postSolution
		SolutionGuid = {7D83E3D2-3FD9-4B01-9F85-363CFF9C6E39}
	EndGlobalSection
EndGlobal
