
Microsoft Visual Studio Solution File, Format Version 12.00
# Visual Studio Version 16
VisualStudioVersion = 16.0.30114.105
MinimumVisualStudioVersion = 10.0.40219.1
Project("{9A19103F-16F7-4668-BE54-9A1E7A4F7556}") = "CareerCloud.Pocos", "CareerCloud.Pocos\CareerCloud.Pocos.csproj", "{31CC0DA9-DAE5-43DB-8F48-ECFAE01539DB}"
EndProject
Project("{9A19103F-16F7-4668-BE54-9A1E7A4F7556}") = "CareerCloudCore.UnitTests.Assignment1", "CareerCloudCore.UnitTests.Assignment1\CareerCloudCore.UnitTests.Assignment1.csproj", "{98BB66BF-AA5B-4378-97F5-FE03514A5D60}"
EndProject
Project("{9A19103F-16F7-4668-BE54-9A1E7A4F7556}") = "CareerCloud.DataAccessLayer", "CareerCloud.DataAccessLayer\CareerCloud.DataAccessLayer.csproj", "{714AD9F5-BB5C-4CCB-9E6F-58DF4EC78332}"
EndProject
Project("{9A19103F-16F7-4668-BE54-9A1E7A4F7556}") = "CareerCloud.ADODataAccessLayer", "CareerCloud.ADODataAccessLayer\CareerCloud.ADODataAccessLayer.csproj", "{D240B306-6B8D-4A18-939E-40C8E2E05C65}"
EndProject
Project("{9A19103F-16F7-4668-BE54-9A1E7A4F7556}") = "CareerCloudCore.UnitTests.Assignment2", "C:\Users\PC\source\repos\CareerCloudCore.UnitTests.Assignment2\CareerCloudCore.UnitTests.Assignment2.csproj", "{379FD862-9F7B-4167-85AC-23C5F0938353}"
EndProject
Project("{9A19103F-16F7-4668-BE54-9A1E7A4F7556}") = "CareerCloud.BusinessLogicLayer", "CareerCloud.BusinessLogicLayer\CareerCloud.BusinessLogicLayer.csproj", "{98A87164-EAED-4ACE-B5CB-31AE1082197E}"
EndProject
Project("{9A19103F-16F7-4668-BE54-9A1E7A4F7556}") = "CareerCloudCore.UnitTests.Assignment3", "CareerCloudCore.UnitTests.Assignment3\CareerCloudCore.UnitTests.Assignment3.csproj", "{3F11FE1F-0EC5-4D42-90DF-3FD7CE2CF841}"
EndProject
Project("{9A19103F-16F7-4668-BE54-9A1E7A4F7556}") = "CareerCloud.EntityFrameworkDataAccess", "CareerCloud.EntityFrameworkDataAccess\CareerCloud.EntityFrameworkDataAccess.csproj", "{DD4867F1-97B6-4CC9-BF29-9C1DEC907D58}"
EndProject
Project("{9A19103F-16F7-4668-BE54-9A1E7A4F7556}") = "CareerCloudCore.UnitTests.Assignment4", "CareerCloudCore.UnitTests.Assignment4\CareerCloudCore.UnitTests.Assignment4.csproj", "{B1BD593A-04D3-4CFE-A856-35E2DD5E1C18}"
EndProject
Project("{9A19103F-16F7-4668-BE54-9A1E7A4F7556}") = "CareerCloud.WebAPI", "CareerCloud.WebAPI\CareerCloud.WebAPI.csproj", "{BC5546BE-83BD-432F-B11C-D0C3C06F148F}"
EndProject
Project("{9A19103F-16F7-4668-BE54-9A1E7A4F7556}") = "CareerCloudCore.UnitTests.Assignment5", "CareerCloudCore.UnitTests.Assignment5\CareerCloudCore.UnitTests.Assignment5.csproj", "{747A7EE4-DA23-4314-B165-F7F80DF26A64}"
EndProject
Global
	GlobalSection(SolutionConfigurationPlatforms) = preSolution
		Debug|Any CPU = Debug|Any CPU
		Release|Any CPU = Release|Any CPU
	EndGlobalSection
	GlobalSection(ProjectConfigurationPlatforms) = postSolution
		{31CC0DA9-DAE5-43DB-8F48-ECFAE01539DB}.Debug|Any CPU.ActiveCfg = Debug|Any CPU
		{31CC0DA9-DAE5-43DB-8F48-ECFAE01539DB}.Debug|Any CPU.Build.0 = Debug|Any CPU
		{31CC0DA9-DAE5-43DB-8F48-ECFAE01539DB}.Release|Any CPU.ActiveCfg = Release|Any CPU
		{31CC0DA9-DAE5-43DB-8F48-ECFAE01539DB}.Release|Any CPU.Build.0 = Release|Any CPU
		{98BB66BF-AA5B-4378-97F5-FE03514A5D60}.Debug|Any CPU.ActiveCfg = Debug|Any CPU
		{98BB66BF-AA5B-4378-97F5-FE03514A5D60}.Debug|Any CPU.Build.0 = Debug|Any CPU
		{98BB66BF-AA5B-4378-97F5-FE03514A5D60}.Release|Any CPU.ActiveCfg = Release|Any CPU
		{98BB66BF-AA5B-4378-97F5-FE03514A5D60}.Release|Any CPU.Build.0 = Release|Any CPU
		{714AD9F5-BB5C-4CCB-9E6F-58DF4EC78332}.Debug|Any CPU.ActiveCfg = Debug|Any CPU
		{714AD9F5-BB5C-4CCB-9E6F-58DF4EC78332}.Debug|Any CPU.Build.0 = Debug|Any CPU
		{714AD9F5-BB5C-4CCB-9E6F-58DF4EC78332}.Release|Any CPU.ActiveCfg = Release|Any CPU
		{714AD9F5-BB5C-4CCB-9E6F-58DF4EC78332}.Release|Any CPU.Build.0 = Release|Any CPU
		{D240B306-6B8D-4A18-939E-40C8E2E05C65}.Debug|Any CPU.ActiveCfg = Debug|Any CPU
		{D240B306-6B8D-4A18-939E-40C8E2E05C65}.Debug|Any CPU.Build.0 = Debug|Any CPU
		{D240B306-6B8D-4A18-939E-40C8E2E05C65}.Release|Any CPU.ActiveCfg = Release|Any CPU
		{D240B306-6B8D-4A18-939E-40C8E2E05C65}.Release|Any CPU.Build.0 = Release|Any CPU
		{379FD862-9F7B-4167-85AC-23C5F0938353}.Debug|Any CPU.ActiveCfg = Debug|Any CPU
		{379FD862-9F7B-4167-85AC-23C5F0938353}.Debug|Any CPU.Build.0 = Debug|Any CPU
		{379FD862-9F7B-4167-85AC-23C5F0938353}.Release|Any CPU.ActiveCfg = Release|Any CPU
		{379FD862-9F7B-4167-85AC-23C5F0938353}.Release|Any CPU.Build.0 = Release|Any CPU
		{98A87164-EAED-4ACE-B5CB-31AE1082197E}.Debug|Any CPU.ActiveCfg = Debug|Any CPU
		{98A87164-EAED-4ACE-B5CB-31AE1082197E}.Debug|Any CPU.Build.0 = Debug|Any CPU
		{98A87164-EAED-4ACE-B5CB-31AE1082197E}.Release|Any CPU.ActiveCfg = Release|Any CPU
		{98A87164-EAED-4ACE-B5CB-31AE1082197E}.Release|Any CPU.Build.0 = Release|Any CPU
		{3F11FE1F-0EC5-4D42-90DF-3FD7CE2CF841}.Debug|Any CPU.ActiveCfg = Debug|Any CPU
		{3F11FE1F-0EC5-4D42-90DF-3FD7CE2CF841}.Debug|Any CPU.Build.0 = Debug|Any CPU
		{3F11FE1F-0EC5-4D42-90DF-3FD7CE2CF841}.Release|Any CPU.ActiveCfg = Release|Any CPU
		{3F11FE1F-0EC5-4D42-90DF-3FD7CE2CF841}.Release|Any CPU.Build.0 = Release|Any CPU
		{DD4867F1-97B6-4CC9-BF29-9C1DEC907D58}.Debug|Any CPU.ActiveCfg = Debug|Any CPU
		{DD4867F1-97B6-4CC9-BF29-9C1DEC907D58}.Debug|Any CPU.Build.0 = Debug|Any CPU
		{DD4867F1-97B6-4CC9-BF29-9C1DEC907D58}.Release|Any CPU.ActiveCfg = Release|Any CPU
		{DD4867F1-97B6-4CC9-BF29-9C1DEC907D58}.Release|Any CPU.Build.0 = Release|Any CPU
		{B1BD593A-04D3-4CFE-A856-35E2DD5E1C18}.Debug|Any CPU.ActiveCfg = Debug|Any CPU
		{B1BD593A-04D3-4CFE-A856-35E2DD5E1C18}.Debug|Any CPU.Build.0 = Debug|Any CPU
		{B1BD593A-04D3-4CFE-A856-35E2DD5E1C18}.Release|Any CPU.ActiveCfg = Release|Any CPU
		{B1BD593A-04D3-4CFE-A856-35E2DD5E1C18}.Release|Any CPU.Build.0 = Release|Any CPU
		{BC5546BE-83BD-432F-B11C-D0C3C06F148F}.Debug|Any CPU.ActiveCfg = Debug|Any CPU
		{BC5546BE-83BD-432F-B11C-D0C3C06F148F}.Debug|Any CPU.Build.0 = Debug|Any CPU
		{BC5546BE-83BD-432F-B11C-D0C3C06F148F}.Release|Any CPU.ActiveCfg = Release|Any CPU
		{BC5546BE-83BD-432F-B11C-D0C3C06F148F}.Release|Any CPU.Build.0 = Release|Any CPU
		{747A7EE4-DA23-4314-B165-F7F80DF26A64}.Debug|Any CPU.ActiveCfg = Debug|Any CPU
		{747A7EE4-DA23-4314-B165-F7F80DF26A64}.Debug|Any CPU.Build.0 = Debug|Any CPU
		{747A7EE4-DA23-4314-B165-F7F80DF26A64}.Release|Any CPU.ActiveCfg = Release|Any CPU
		{747A7EE4-DA23-4314-B165-F7F80DF26A64}.Release|Any CPU.Build.0 = Release|Any CPU
	EndGlobalSection
	GlobalSection(SolutionProperties) = preSolution
		HideSolutionNode = FALSE
	EndGlobalSection
	GlobalSection(ExtensibilityGlobals) = postSolution
		SolutionGuid = {7D83E3D2-3FD9-4B01-9F85-363CFF9C6E39}
	EndGlobalSection
EndGlobal
